
Microsoft Visual Studio Solution File, Format Version 12.00
# Visual Studio 15
VisualStudioVersion = 15.0.28307.902
MinimumVisualStudioVersion = 10.0.40219.1
Project("{FAE04EC0-301F-11D3-BF4B-00C04F79EFBC}") = "MobileApp.Android", "MobileApp\MobileApp.Android\MobileApp.Android.csproj", "{7D89CC8E-4B25-453F-B01A-29FD18A89862}"
EndProject
Project("{FAE04EC0-301F-11D3-BF4B-00C04F79EFBC}") = "MobileApp.iOS", "MobileApp\MobileApp.iOS\MobileApp.iOS.csproj", "{C9ED8AF6-C918-4F64-912C-3797303A794B}"
EndProject
Project("{FAE04EC0-301F-11D3-BF4B-00C04F79EFBC}") = "MobileApp.UWP", "MobileApp\MobileApp.UWP\MobileApp.UWP.csproj", "{08D67A56-B8D1-4B9F-84FC-9C98E6574E95}"
EndProject
Project("{FAE04EC0-301F-11D3-BF4B-00C04F79EFBC}") = "MobileApp", "MobileApp\MobileApp\MobileApp.csproj", "{A5FA61AB-E49D-4697-BD89-42A0DEF0B66A}"
EndProject
Global
	GlobalSection(SolutionConfigurationPlatforms) = preSolution
		Ad-Hoc|Any CPU = Ad-Hoc|Any CPU
		Ad-Hoc|ARM = Ad-Hoc|ARM
		Ad-Hoc|iPhone = Ad-Hoc|iPhone
		Ad-Hoc|iPhoneSimulator = Ad-Hoc|iPhoneSimulator
		Ad-Hoc|x64 = Ad-Hoc|x64
		Ad-Hoc|x86 = Ad-Hoc|x86
		AppStore|Any CPU = AppStore|Any CPU
		AppStore|ARM = AppStore|ARM
		AppStore|iPhone = AppStore|iPhone
		AppStore|iPhoneSimulator = AppStore|iPhoneSimulator
		AppStore|x64 = AppStore|x64
		AppStore|x86 = AppStore|x86
		Debug|Any CPU = Debug|Any CPU
		Debug|ARM = Debug|ARM
		Debug|iPhone = Debug|iPhone
		Debug|iPhoneSimulator = Debug|iPhoneSimulator
		Debug|x64 = Debug|x64
		Debug|x86 = Debug|x86
		Release|Any CPU = Release|Any CPU
		Release|ARM = Release|ARM
		Release|iPhone = Release|iPhone
		Release|iPhoneSimulator = Release|iPhoneSimulator
		Release|x64 = Release|x64
		Release|x86 = Release|x86
	EndGlobalSection
	GlobalSection(ProjectConfigurationPlatforms) = postSolution
		{7D89CC8E-4B25-453F-B01A-29FD18A89862}.Ad-Hoc|Any CPU.ActiveCfg = Release|Any CPU
		{7D89CC8E-4B25-453F-B01A-29FD18A89862}.Ad-Hoc|Any CPU.Build.0 = Release|Any CPU
		{7D89CC8E-4B25-453F-B01A-29FD18A89862}.Ad-Hoc|Any CPU.Deploy.0 = Release|Any CPU
		{7D89CC8E-4B25-453F-B01A-29FD18A89862}.Ad-Hoc|ARM.ActiveCfg = Release|Any CPU
		{7D89CC8E-4B25-453F-B01A-29FD18A89862}.Ad-Hoc|ARM.Build.0 = Release|Any CPU
		{7D89CC8E-4B25-453F-B01A-29FD18A89862}.Ad-Hoc|ARM.Deploy.0 = Release|Any CPU
		{7D89CC8E-4B25-453F-B01A-29FD18A89862}.Ad-Hoc|iPhone.ActiveCfg = Release|Any CPU
		{7D89CC8E-4B25-453F-B01A-29FD18A89862}.Ad-Hoc|iPhone.Build.0 = Release|Any CPU
		{7D89CC8E-4B25-453F-B01A-29FD18A89862}.Ad-Hoc|iPhone.Deploy.0 = Release|Any CPU
		{7D89CC8E-4B25-453F-B01A-29FD18A89862}.Ad-Hoc|iPhoneSimulator.ActiveCfg = Release|Any CPU
		{7D89CC8E-4B25-453F-B01A-29FD18A89862}.Ad-Hoc|iPhoneSimulator.Build.0 = Release|Any CPU
		{7D89CC8E-4B25-453F-B01A-29FD18A89862}.Ad-Hoc|iPhoneSimulator.Deploy.0 = Release|Any CPU
		{7D89CC8E-4B25-453F-B01A-29FD18A89862}.Ad-Hoc|x64.ActiveCfg = Release|Any CPU
		{7D89CC8E-4B25-453F-B01A-29FD18A89862}.Ad-Hoc|x64.Build.0 = Release|Any CPU
		{7D89CC8E-4B25-453F-B01A-29FD18A89862}.Ad-Hoc|x64.Deploy.0 = Release|Any CPU
		{7D89CC8E-4B25-453F-B01A-29FD18A89862}.Ad-Hoc|x86.ActiveCfg = Release|Any CPU
		{7D89CC8E-4B25-453F-B01A-29FD18A89862}.Ad-Hoc|x86.Build.0 = Release|Any CPU
		{7D89CC8E-4B25-453F-B01A-29FD18A89862}.Ad-Hoc|x86.Deploy.0 = Release|Any CPU
		{7D89CC8E-4B25-453F-B01A-29FD18A89862}.AppStore|Any CPU.ActiveCfg = Release|Any CPU
		{7D89CC8E-4B25-453F-B01A-29FD18A89862}.AppStore|Any CPU.Build.0 = Release|Any CPU
		{7D89CC8E-4B25-453F-B01A-29FD18A89862}.AppStore|Any CPU.Deploy.0 = Release|Any CPU
		{7D89CC8E-4B25-453F-B01A-29FD18A89862}.AppStore|ARM.ActiveCfg = Release|Any CPU
		{7D89CC8E-4B25-453F-B01A-29FD18A89862}.AppStore|ARM.Build.0 = Release|Any CPU
		{7D89CC8E-4B25-453F-B01A-29FD18A89862}.AppStore|ARM.Deploy.0 = Release|Any CPU
		{7D89CC8E-4B25-453F-B01A-29FD18A89862}.AppStore|iPhone.ActiveCfg = Release|Any CPU
		{7D89CC8E-4B25-453F-B01A-29FD18A89862}.AppStore|iPhone.Build.0 = Release|Any CPU
		{7D89CC8E-4B25-453F-B01A-29FD18A89862}.AppStore|iPhone.Deploy.0 = Release|Any CPU
		{7D89CC8E-4B25-453F-B01A-29FD18A89862}.AppStore|iPhoneSimulator.ActiveCfg = Release|Any CPU
		{7D89CC8E-4B25-453F-B01A-29FD18A89862}.AppStore|iPhoneSimulator.Build.0 = Release|Any CPU
		{7D89CC8E-4B25-453F-B01A-29FD18A89862}.AppStore|iPhoneSimulator.Deploy.0 = Release|Any CPU
		{7D89CC8E-4B25-453F-B01A-29FD18A89862}.AppStore|x64.ActiveCfg = Release|Any CPU
		{7D89CC8E-4B25-453F-B01A-29FD18A89862}.AppStore|x64.Build.0 = Release|Any CPU
		{7D89CC8E-4B25-453F-B01A-29FD18A89862}.AppStore|x64.Deploy.0 = Release|Any CPU
		{7D89CC8E-4B25-453F-B01A-29FD18A89862}.AppStore|x86.ActiveCfg = Release|Any CPU
		{7D89CC8E-4B25-453F-B01A-29FD18A89862}.AppStore|x86.Build.0 = Release|Any CPU
		{7D89CC8E-4B25-453F-B01A-29FD18A89862}.AppStore|x86.Deploy.0 = Release|Any CPU
		{7D89CC8E-4B25-453F-B01A-29FD18A89862}.Debug|Any CPU.ActiveCfg = Debug|Any CPU
		{7D89CC8E-4B25-453F-B01A-29FD18A89862}.Debug|Any CPU.Build.0 = Debug|Any CPU
		{7D89CC8E-4B25-453F-B01A-29FD18A89862}.Debug|Any CPU.Deploy.0 = Debug|Any CPU
		{7D89CC8E-4B25-453F-B01A-29FD18A89862}.Debug|ARM.ActiveCfg = Debug|Any CPU
		{7D89CC8E-4B25-453F-B01A-29FD18A89862}.Debug|ARM.Build.0 = Debug|Any CPU
		{7D89CC8E-4B25-453F-B01A-29FD18A89862}.Debug|ARM.Deploy.0 = Debug|Any CPU
		{7D89CC8E-4B25-453F-B01A-29FD18A89862}.Debug|iPhone.ActiveCfg = Debug|Any CPU
		{7D89CC8E-4B25-453F-B01A-29FD18A89862}.Debug|iPhone.Build.0 = Debug|Any CPU
		{7D89CC8E-4B25-453F-B01A-29FD18A89862}.Debug|iPhone.Deploy.0 = Debug|Any CPU
		{7D89CC8E-4B25-453F-B01A-29FD18A89862}.Debug|iPhoneSimulator.ActiveCfg = Debug|Any CPU
		{7D89CC8E-4B25-453F-B01A-29FD18A89862}.Debug|iPhoneSimulator.Build.0 = Debug|Any CPU
		{7D89CC8E-4B25-453F-B01A-29FD18A89862}.Debug|iPhoneSimulator.Deploy.0 = Debug|Any CPU
		{7D89CC8E-4B25-453F-B01A-29FD18A89862}.Debug|x64.ActiveCfg = Debug|Any CPU
		{7D89CC8E-4B25-453F-B01A-29FD18A89862}.Debug|x64.Build.0 = Debug|Any CPU
		{7D89CC8E-4B25-453F-B01A-29FD18A89862}.Debug|x64.Deploy.0 = Debug|Any CPU
		{7D89CC8E-4B25-453F-B01A-29FD18A89862}.Debug|x86.ActiveCfg = Debug|Any CPU
		{7D89CC8E-4B25-453F-B01A-29FD18A89862}.Debug|x86.Build.0 = Debug|Any CPU
		{7D89CC8E-4B25-453F-B01A-29FD18A89862}.Debug|x86.Deploy.0 = Debug|Any CPU
		{7D89CC8E-4B25-453F-B01A-29FD18A89862}.Release|Any CPU.ActiveCfg = Release|Any CPU
		{7D89CC8E-4B25-453F-B01A-29FD18A89862}.Release|Any CPU.Build.0 = Release|Any CPU
		{7D89CC8E-4B25-453F-B01A-29FD18A89862}.Release|Any CPU.Deploy.0 = Release|Any CPU
		{7D89CC8E-4B25-453F-B01A-29FD18A89862}.Release|ARM.ActiveCfg = Release|Any CPU
		{7D89CC8E-4B25-453F-B01A-29FD18A89862}.Release|ARM.Build.0 = Release|Any CPU
		{7D89CC8E-4B25-453F-B01A-29FD18A89862}.Release|ARM.Deploy.0 = Release|Any CPU
		{7D89CC8E-4B25-453F-B01A-29FD18A89862}.Release|iPhone.ActiveCfg = Release|Any CPU
		{7D89CC8E-4B25-453F-B01A-29FD18A89862}.Release|iPhone.Build.0 = Release|Any CPU
		{7D89CC8E-4B25-453F-B01A-29FD18A89862}.Release|iPhone.Deploy.0 = Release|Any CPU
		{7D89CC8E-4B25-453F-B01A-29FD18A89862}.Release|iPhoneSimulator.ActiveCfg = Release|Any CPU
		{7D89CC8E-4B25-453F-B01A-29FD18A89862}.Release|iPhoneSimulator.Build.0 = Release|Any CPU
		{7D89CC8E-4B25-453F-B01A-29FD18A89862}.Release|iPhoneSimulator.Deploy.0 = Release|Any CPU
		{7D89CC8E-4B25-453F-B01A-29FD18A89862}.Release|x64.ActiveCfg = Release|Any CPU
		{7D89CC8E-4B25-453F-B01A-29FD18A89862}.Release|x64.Build.0 = Release|Any CPU
		{7D89CC8E-4B25-453F-B01A-29FD18A89862}.Release|x64.Deploy.0 = Release|Any CPU
		{7D89CC8E-4B25-453F-B01A-29FD18A89862}.Release|x86.ActiveCfg = Release|Any CPU
		{7D89CC8E-4B25-453F-B01A-29FD18A89862}.Release|x86.Build.0 = Release|Any CPU
		{7D89CC8E-4B25-453F-B01A-29FD18A89862}.Release|x86.Deploy.0 = Release|Any CPU
		{C9ED8AF6-C918-4F64-912C-3797303A794B}.Ad-Hoc|Any CPU.ActiveCfg = Ad-Hoc|iPhone
		{C9ED8AF6-C918-4F64-912C-3797303A794B}.Ad-Hoc|Any CPU.Build.0 = Ad-Hoc|iPhone
		{C9ED8AF6-C918-4F64-912C-3797303A794B}.Ad-Hoc|Any CPU.Deploy.0 = Ad-Hoc|iPhone
		{C9ED8AF6-C918-4F64-912C-3797303A794B}.Ad-Hoc|ARM.ActiveCfg = Ad-Hoc|iPhone
		{C9ED8AF6-C918-4F64-912C-3797303A794B}.Ad-Hoc|ARM.Build.0 = Ad-Hoc|iPhone
		{C9ED8AF6-C918-4F64-912C-3797303A794B}.Ad-Hoc|ARM.Deploy.0 = Ad-Hoc|iPhone
		{C9ED8AF6-C918-4F64-912C-3797303A794B}.Ad-Hoc|iPhone.ActiveCfg = Ad-Hoc|iPhone
		{C9ED8AF6-C918-4F64-912C-3797303A794B}.Ad-Hoc|iPhone.Build.0 = Ad-Hoc|iPhone
		{C9ED8AF6-C918-4F64-912C-3797303A794B}.Ad-Hoc|iPhone.Deploy.0 = Ad-Hoc|iPhone
		{C9ED8AF6-C918-4F64-912C-3797303A794B}.Ad-Hoc|iPhoneSimulator.ActiveCfg = Ad-Hoc|iPhoneSimulator
		{C9ED8AF6-C918-4F64-912C-3797303A794B}.Ad-Hoc|iPhoneSimulator.Build.0 = Ad-Hoc|iPhoneSimulator
		{C9ED8AF6-C918-4F64-912C-3797303A794B}.Ad-Hoc|iPhoneSimulator.Deploy.0 = Ad-Hoc|iPhoneSimulator
		{C9ED8AF6-C918-4F64-912C-3797303A794B}.Ad-Hoc|x64.ActiveCfg = Ad-Hoc|iPhone
		{C9ED8AF6-C918-4F64-912C-3797303A794B}.Ad-Hoc|x64.Build.0 = Ad-Hoc|iPhone
		{C9ED8AF6-C918-4F64-912C-3797303A794B}.Ad-Hoc|x64.Deploy.0 = Ad-Hoc|iPhone
		{C9ED8AF6-C918-4F64-912C-3797303A794B}.Ad-Hoc|x86.ActiveCfg = Ad-Hoc|iPhone
		{C9ED8AF6-C918-4F64-912C-3797303A794B}.Ad-Hoc|x86.Build.0 = Ad-Hoc|iPhone
		{C9ED8AF6-C918-4F64-912C-3797303A794B}.Ad-Hoc|x86.Deploy.0 = Ad-Hoc|iPhone
		{C9ED8AF6-C918-4F64-912C-3797303A794B}.AppStore|Any CPU.ActiveCfg = AppStore|iPhone
		{C9ED8AF6-C918-4F64-912C-3797303A794B}.AppStore|Any CPU.Build.0 = AppStore|iPhone
		{C9ED8AF6-C918-4F64-912C-3797303A794B}.AppStore|Any CPU.Deploy.0 = AppStore|iPhone
		{C9ED8AF6-C918-4F64-912C-3797303A794B}.AppStore|ARM.ActiveCfg = AppStore|iPhone
		{C9ED8AF6-C918-4F64-912C-3797303A794B}.AppStore|ARM.Build.0 = AppStore|iPhone
		{C9ED8AF6-C918-4F64-912C-3797303A794B}.AppStore|ARM.Deploy.0 = AppStore|iPhone
		{C9ED8AF6-C918-4F64-912C-3797303A794B}.AppStore|iPhone.ActiveCfg = AppStore|iPhone
		{C9ED8AF6-C918-4F64-912C-3797303A794B}.AppStore|iPhone.Build.0 = AppStore|iPhone
		{C9ED8AF6-C918-4F64-912C-3797303A794B}.AppStore|iPhone.Deploy.0 = AppStore|iPhone
		{C9ED8AF6-C918-4F64-912C-3797303A794B}.AppStore|iPhoneSimulator.ActiveCfg = AppStore|iPhoneSimulator
		{C9ED8AF6-C918-4F64-912C-3797303A794B}.AppStore|iPhoneSimulator.Build.0 = AppStore|iPhoneSimulator
		{C9ED8AF6-C918-4F64-912C-3797303A794B}.AppStore|iPhoneSimulator.Deploy.0 = AppStore|iPhoneSimulator
		{C9ED8AF6-C918-4F64-912C-3797303A794B}.AppStore|x64.ActiveCfg = AppStore|iPhone
		{C9ED8AF6-C918-4F64-912C-3797303A794B}.AppStore|x64.Build.0 = AppStore|iPhone
		{C9ED8AF6-C918-4F64-912C-3797303A794B}.AppStore|x64.Deploy.0 = AppStore|iPhone
		{C9ED8AF6-C918-4F64-912C-3797303A794B}.AppStore|x86.ActiveCfg = AppStore|iPhone
		{C9ED8AF6-C918-4F64-912C-3797303A794B}.AppStore|x86.Build.0 = AppStore|iPhone
		{C9ED8AF6-C918-4F64-912C-3797303A794B}.AppStore|x86.Deploy.0 = AppStore|iPhone
		{C9ED8AF6-C918-4F64-912C-3797303A794B}.Debug|Any CPU.ActiveCfg = Debug|iPhoneSimulator
		{C9ED8AF6-C918-4F64-912C-3797303A794B}.Debug|Any CPU.Build.0 = Debug|iPhoneSimulator
		{C9ED8AF6-C918-4F64-912C-3797303A794B}.Debug|Any CPU.Deploy.0 = Debug|iPhoneSimulator
		{C9ED8AF6-C918-4F64-912C-3797303A794B}.Debug|ARM.ActiveCfg = Debug|iPhone
		{C9ED8AF6-C918-4F64-912C-3797303A794B}.Debug|ARM.Build.0 = Debug|iPhone
		{C9ED8AF6-C918-4F64-912C-3797303A794B}.Debug|ARM.Deploy.0 = Debug|iPhone
		{C9ED8AF6-C918-4F64-912C-3797303A794B}.Debug|iPhone.ActiveCfg = Debug|iPhone
		{C9ED8AF6-C918-4F64-912C-3797303A794B}.Debug|iPhone.Build.0 = Debug|iPhone
		{C9ED8AF6-C918-4F64-912C-3797303A794B}.Debug|iPhone.Deploy.0 = Debug|iPhone
		{C9ED8AF6-C918-4F64-912C-3797303A794B}.Debug|iPhoneSimulator.ActiveCfg = Debug|iPhoneSimulator
		{C9ED8AF6-C918-4F64-912C-3797303A794B}.Debug|iPhoneSimulator.Build.0 = Debug|iPhoneSimulator
		{C9ED8AF6-C918-4F64-912C-3797303A794B}.Debug|iPhoneSimulator.Deploy.0 = Debug|iPhoneSimulator
		{C9ED8AF6-C918-4F64-912C-3797303A794B}.Debug|x64.ActiveCfg = Debug|iPhone
		{C9ED8AF6-C918-4F64-912C-3797303A794B}.Debug|x64.Build.0 = Debug|iPhone
		{C9ED8AF6-C918-4F64-912C-3797303A794B}.Debug|x64.Deploy.0 = Debug|iPhone
		{C9ED8AF6-C918-4F64-912C-3797303A794B}.Debug|x86.ActiveCfg = Debug|iPhone
		{C9ED8AF6-C918-4F64-912C-3797303A794B}.Debug|x86.Build.0 = Debug|iPhone
		{C9ED8AF6-C918-4F64-912C-3797303A794B}.Debug|x86.Deploy.0 = Debug|iPhone
		{C9ED8AF6-C918-4F64-912C-3797303A794B}.Release|Any CPU.ActiveCfg = Release|iPhone
		{C9ED8AF6-C918-4F64-912C-3797303A794B}.Release|Any CPU.Build.0 = Release|iPhone
		{C9ED8AF6-C918-4F64-912C-3797303A794B}.Release|Any CPU.Deploy.0 = Release|iPhone
		{C9ED8AF6-C918-4F64-912C-3797303A794B}.Release|ARM.ActiveCfg = Release|iPhone
		{C9ED8AF6-C918-4F64-912C-3797303A794B}.Release|ARM.Build.0 = Release|iPhone
		{C9ED8AF6-C918-4F64-912C-3797303A794B}.Release|ARM.Deploy.0 = Release|iPhone
		{C9ED8AF6-C918-4F64-912C-3797303A794B}.Release|iPhone.ActiveCfg = Release|iPhone
		{C9ED8AF6-C918-4F64-912C-3797303A794B}.Release|iPhone.Build.0 = Release|iPhone
		{C9ED8AF6-C918-4F64-912C-3797303A794B}.Release|iPhone.Deploy.0 = Release|iPhone
		{C9ED8AF6-C918-4F64-912C-3797303A794B}.Release|iPhoneSimulator.ActiveCfg = Release|iPhoneSimulator
		{C9ED8AF6-C918-4F64-912C-3797303A794B}.Release|iPhoneSimulator.Build.0 = Release|iPhoneSimulator
		{C9ED8AF6-C918-4F64-912C-3797303A794B}.Release|iPhoneSimulator.Deploy.0 = Release|iPhoneSimulator
		{C9ED8AF6-C918-4F64-912C-3797303A794B}.Release|x64.ActiveCfg = Release|iPhone
		{C9ED8AF6-C918-4F64-912C-3797303A794B}.Release|x64.Build.0 = Release|iPhone
		{C9ED8AF6-C918-4F64-912C-3797303A794B}.Release|x64.Deploy.0 = Release|iPhone
		{C9ED8AF6-C918-4F64-912C-3797303A794B}.Release|x86.ActiveCfg = Release|iPhone
		{C9ED8AF6-C918-4F64-912C-3797303A794B}.Release|x86.Build.0 = Release|iPhone
		{C9ED8AF6-C918-4F64-912C-3797303A794B}.Release|x86.Deploy.0 = Release|iPhone
		{08D67A56-B8D1-4B9F-84FC-9C98E6574E95}.Ad-Hoc|Any CPU.ActiveCfg = Release|x86
		{08D67A56-B8D1-4B9F-84FC-9C98E6574E95}.Ad-Hoc|Any CPU.Build.0 = Release|x86
		{08D67A56-B8D1-4B9F-84FC-9C98E6574E95}.Ad-Hoc|Any CPU.Deploy.0 = Release|x86
		{08D67A56-B8D1-4B9F-84FC-9C98E6574E95}.Ad-Hoc|ARM.ActiveCfg = Release|ARM
		{08D67A56-B8D1-4B9F-84FC-9C98E6574E95}.Ad-Hoc|ARM.Build.0 = Release|ARM
		{08D67A56-B8D1-4B9F-84FC-9C98E6574E95}.Ad-Hoc|ARM.Deploy.0 = Release|ARM
		{08D67A56-B8D1-4B9F-84FC-9C98E6574E95}.Ad-Hoc|iPhone.ActiveCfg = Release|x86
		{08D67A56-B8D1-4B9F-84FC-9C98E6574E95}.Ad-Hoc|iPhone.Build.0 = Release|x86
		{08D67A56-B8D1-4B9F-84FC-9C98E6574E95}.Ad-Hoc|iPhone.Deploy.0 = Release|x86
		{08D67A56-B8D1-4B9F-84FC-9C98E6574E95}.Ad-Hoc|iPhoneSimulator.ActiveCfg = Release|x86
		{08D67A56-B8D1-4B9F-84FC-9C98E6574E95}.Ad-Hoc|iPhoneSimulator.Build.0 = Release|x86
		{08D67A56-B8D1-4B9F-84FC-9C98E6574E95}.Ad-Hoc|iPhoneSimulator.Deploy.0 = Release|x86
		{08D67A56-B8D1-4B9F-84FC-9C98E6574E95}.Ad-Hoc|x64.ActiveCfg = Release|x64
		{08D67A56-B8D1-4B9F-84FC-9C98E6574E95}.Ad-Hoc|x64.Build.0 = Release|x64
		{08D67A56-B8D1-4B9F-84FC-9C98E6574E95}.Ad-Hoc|x64.Deploy.0 = Release|x64
		{08D67A56-B8D1-4B9F-84FC-9C98E6574E95}.Ad-Hoc|x86.ActiveCfg = Release|x86
		{08D67A56-B8D1-4B9F-84FC-9C98E6574E95}.Ad-Hoc|x86.Build.0 = Release|x86
		{08D67A56-B8D1-4B9F-84FC-9C98E6574E95}.Ad-Hoc|x86.Deploy.0 = Release|x86
		{08D67A56-B8D1-4B9F-84FC-9C98E6574E95}.AppStore|Any CPU.ActiveCfg = Release|x86
		{08D67A56-B8D1-4B9F-84FC-9C98E6574E95}.AppStore|Any CPU.Build.0 = Release|x86
		{08D67A56-B8D1-4B9F-84FC-9C98E6574E95}.AppStore|Any CPU.Deploy.0 = Release|x86
		{08D67A56-B8D1-4B9F-84FC-9C98E6574E95}.AppStore|ARM.ActiveCfg = Release|ARM
		{08D67A56-B8D1-4B9F-84FC-9C98E6574E95}.AppStore|ARM.Build.0 = Release|ARM
		{08D67A56-B8D1-4B9F-84FC-9C98E6574E95}.AppStore|ARM.Deploy.0 = Release|ARM
		{08D67A56-B8D1-4B9F-84FC-9C98E6574E95}.AppStore|iPhone.ActiveCfg = Release|x86
		{08D67A56-B8D1-4B9F-84FC-9C98E6574E95}.AppStore|iPhone.Build.0 = Release|x86
		{08D67A56-B8D1-4B9F-84FC-9C98E6574E95}.AppStore|iPhone.Deploy.0 = Release|x86
		{08D67A56-B8D1-4B9F-84FC-9C98E6574E95}.AppStore|iPhoneSimulator.ActiveCfg = Release|x86
		{08D67A56-B8D1-4B9F-84FC-9C98E6574E95}.AppStore|iPhoneSimulator.Build.0 = Release|x86
		{08D67A56-B8D1-4B9F-84FC-9C98E6574E95}.AppStore|iPhoneSimulator.Deploy.0 = Release|x86
		{08D67A56-B8D1-4B9F-84FC-9C98E6574E95}.AppStore|x64.ActiveCfg = Release|x64
		{08D67A56-B8D1-4B9F-84FC-9C98E6574E95}.AppStore|x64.Build.0 = Release|x64
		{08D67A56-B8D1-4B9F-84FC-9C98E6574E95}.AppStore|x64.Deploy.0 = Release|x64
		{08D67A56-B8D1-4B9F-84FC-9C98E6574E95}.AppStore|x86.ActiveCfg = Release|x86
		{08D67A56-B8D1-4B9F-84FC-9C98E6574E95}.AppStore|x86.Build.0 = Release|x86
		{08D67A56-B8D1-4B9F-84FC-9C98E6574E95}.AppStore|x86.Deploy.0 = Release|x86
		{08D67A56-B8D1-4B9F-84FC-9C98E6574E95}.Debug|Any CPU.ActiveCfg = Debug|x86
		{08D67A56-B8D1-4B9F-84FC-9C98E6574E95}.Debug|Any CPU.Build.0 = Debug|x86
		{08D67A56-B8D1-4B9F-84FC-9C98E6574E95}.Debug|Any CPU.Deploy.0 = Debug|x86
		{08D67A56-B8D1-4B9F-84FC-9C98E6574E95}.Debug|ARM.ActiveCfg = Debug|ARM
		{08D67A56-B8D1-4B9F-84FC-9C98E6574E95}.Debug|ARM.Build.0 = Debug|ARM
		{08D67A56-B8D1-4B9F-84FC-9C98E6574E95}.Debug|ARM.Deploy.0 = Debug|ARM
		{08D67A56-B8D1-4B9F-84FC-9C98E6574E95}.Debug|iPhone.ActiveCfg = Debug|x86
		{08D67A56-B8D1-4B9F-84FC-9C98E6574E95}.Debug|iPhone.Build.0 = Debug|x86
		{08D67A56-B8D1-4B9F-84FC-9C98E6574E95}.Debug|iPhone.Deploy.0 = Debug|x86
		{08D67A56-B8D1-4B9F-84FC-9C98E6574E95}.Debug|iPhoneSimulator.ActiveCfg = Debug|x86
		{08D67A56-B8D1-4B9F-84FC-9C98E6574E95}.Debug|iPhoneSimulator.Build.0 = Debug|x86
		{08D67A56-B8D1-4B9F-84FC-9C98E6574E95}.Debug|iPhoneSimulator.Deploy.0 = Debug|x86
		{08D67A56-B8D1-4B9F-84FC-9C98E6574E95}.Debug|x64.ActiveCfg = Debug|x64
		{08D67A56-B8D1-4B9F-84FC-9C98E6574E95}.Debug|x64.Build.0 = Debug|x64
		{08D67A56-B8D1-4B9F-84FC-9C98E6574E95}.Debug|x64.Deploy.0 = Debug|x64
		{08D67A56-B8D1-4B9F-84FC-9C98E6574E95}.Debug|x86.ActiveCfg = Debug|x86
		{08D67A56-B8D1-4B9F-84FC-9C98E6574E95}.Debug|x86.Build.0 = Debug|x86
		{08D67A56-B8D1-4B9F-84FC-9C98E6574E95}.Debug|x86.Deploy.0 = Debug|x86
		{08D67A56-B8D1-4B9F-84FC-9C98E6574E95}.Release|Any CPU.ActiveCfg = Release|x86
		{08D67A56-B8D1-4B9F-84FC-9C98E6574E95}.Release|Any CPU.Build.0 = Release|x86
		{08D67A56-B8D1-4B9F-84FC-9C98E6574E95}.Release|Any CPU.Deploy.0 = Release|x86
		{08D67A56-B8D1-4B9F-84FC-9C98E6574E95}.Release|ARM.ActiveCfg = Release|ARM
		{08D67A56-B8D1-4B9F-84FC-9C98E6574E95}.Release|ARM.Build.0 = Release|ARM
		{08D67A56-B8D1-4B9F-84FC-9C98E6574E95}.Release|ARM.Deploy.0 = Release|ARM
		{08D67A56-B8D1-4B9F-84FC-9C98E6574E95}.Release|iPhone.ActiveCfg = Release|x86
		{08D67A56-B8D1-4B9F-84FC-9C98E6574E95}.Release|iPhone.Build.0 = Release|x86
		{08D67A56-B8D1-4B9F-84FC-9C98E6574E95}.Release|iPhone.Deploy.0 = Release|x86
		{08D67A56-B8D1-4B9F-84FC-9C98E6574E95}.Release|iPhoneSimulator.ActiveCfg = Release|x86
		{08D67A56-B8D1-4B9F-84FC-9C98E6574E95}.Release|iPhoneSimulator.Build.0 = Release|x86
		{08D67A56-B8D1-4B9F-84FC-9C98E6574E95}.Release|iPhoneSimulator.Deploy.0 = Release|x86
		{08D67A56-B8D1-4B9F-84FC-9C98E6574E95}.Release|x64.ActiveCfg = Release|x64
		{08D67A56-B8D1-4B9F-84FC-9C98E6574E95}.Release|x64.Build.0 = Release|x64
		{08D67A56-B8D1-4B9F-84FC-9C98E6574E95}.Release|x64.Deploy.0 = Release|x64
		{08D67A56-B8D1-4B9F-84FC-9C98E6574E95}.Release|x86.ActiveCfg = Release|x86
		{08D67A56-B8D1-4B9F-84FC-9C98E6574E95}.Release|x86.Build.0 = Release|x86
		{08D67A56-B8D1-4B9F-84FC-9C98E6574E95}.Release|x86.Deploy.0 = Release|x86
		{A5FA61AB-E49D-4697-BD89-42A0DEF0B66A}.Ad-Hoc|Any CPU.ActiveCfg = Debug|Any CPU
		{A5FA61AB-E49D-4697-BD89-42A0DEF0B66A}.Ad-Hoc|Any CPU.Build.0 = Debug|Any CPU
		{A5FA61AB-E49D-4697-BD89-42A0DEF0B66A}.Ad-Hoc|Any CPU.Deploy.0 = Debug|Any CPU
		{A5FA61AB-E49D-4697-BD89-42A0DEF0B66A}.Ad-Hoc|ARM.ActiveCfg = Debug|Any CPU
		{A5FA61AB-E49D-4697-BD89-42A0DEF0B66A}.Ad-Hoc|ARM.Build.0 = Debug|Any CPU
		{A5FA61AB-E49D-4697-BD89-42A0DEF0B66A}.Ad-Hoc|ARM.Deploy.0 = Debug|Any CPU
		{A5FA61AB-E49D-4697-BD89-42A0DEF0B66A}.Ad-Hoc|iPhone.ActiveCfg = Debug|Any CPU
		{A5FA61AB-E49D-4697-BD89-42A0DEF0B66A}.Ad-Hoc|iPhone.Build.0 = Debug|Any CPU
		{A5FA61AB-E49D-4697-BD89-42A0DEF0B66A}.Ad-Hoc|iPhone.Deploy.0 = Debug|Any CPU
		{A5FA61AB-E49D-4697-BD89-42A0DEF0B66A}.Ad-Hoc|iPhoneSimulator.ActiveCfg = Debug|Any CPU
		{A5FA61AB-E49D-4697-BD89-42A0DEF0B66A}.Ad-Hoc|iPhoneSimulator.Build.0 = Debug|Any CPU
		{A5FA61AB-E49D-4697-BD89-42A0DEF0B66A}.Ad-Hoc|iPhoneSimulator.Deploy.0 = Debug|Any CPU
		{A5FA61AB-E49D-4697-BD89-42A0DEF0B66A}.Ad-Hoc|x64.ActiveCfg = Debug|Any CPU
		{A5FA61AB-E49D-4697-BD89-42A0DEF0B66A}.Ad-Hoc|x64.Build.0 = Debug|Any CPU
		{A5FA61AB-E49D-4697-BD89-42A0DEF0B66A}.Ad-Hoc|x64.Deploy.0 = Debug|Any CPU
		{A5FA61AB-E49D-4697-BD89-42A0DEF0B66A}.Ad-Hoc|x86.ActiveCfg = Debug|Any CPU
		{A5FA61AB-E49D-4697-BD89-42A0DEF0B66A}.Ad-Hoc|x86.Build.0 = Debug|Any CPU
		{A5FA61AB-E49D-4697-BD89-42A0DEF0B66A}.Ad-Hoc|x86.Deploy.0 = Debug|Any CPU
		{A5FA61AB-E49D-4697-BD89-42A0DEF0B66A}.AppStore|Any CPU.ActiveCfg = Debug|Any CPU
		{A5FA61AB-E49D-4697-BD89-42A0DEF0B66A}.AppStore|Any CPU.Build.0 = Debug|Any CPU
		{A5FA61AB-E49D-4697-BD89-42A0DEF0B66A}.AppStore|Any CPU.Deploy.0 = Debug|Any CPU
		{A5FA61AB-E49D-4697-BD89-42A0DEF0B66A}.AppStore|ARM.ActiveCfg = Debug|Any CPU
		{A5FA61AB-E49D-4697-BD89-42A0DEF0B66A}.AppStore|ARM.Build.0 = Debug|Any CPU
		{A5FA61AB-E49D-4697-BD89-42A0DEF0B66A}.AppStore|ARM.Deploy.0 = Debug|Any CPU
		{A5FA61AB-E49D-4697-BD89-42A0DEF0B66A}.AppStore|iPhone.ActiveCfg = Debug|Any CPU
		{A5FA61AB-E49D-4697-BD89-42A0DEF0B66A}.AppStore|iPhone.Build.0 = Debug|Any CPU
		{A5FA61AB-E49D-4697-BD89-42A0DEF0B66A}.AppStore|iPhone.Deploy.0 = Debug|Any CPU
		{A5FA61AB-E49D-4697-BD89-42A0DEF0B66A}.AppStore|iPhoneSimulator.ActiveCfg = Debug|Any CPU
		{A5FA61AB-E49D-4697-BD89-42A0DEF0B66A}.AppStore|iPhoneSimulator.Build.0 = Debug|Any CPU
		{A5FA61AB-E49D-4697-BD89-42A0DEF0B66A}.AppStore|iPhoneSimulator.Deploy.0 = Debug|Any CPU
		{A5FA61AB-E49D-4697-BD89-42A0DEF0B66A}.AppStore|x64.ActiveCfg = Debug|Any CPU
		{A5FA61AB-E49D-4697-BD89-42A0DEF0B66A}.AppStore|x64.Build.0 = Debug|Any CPU
		{A5FA61AB-E49D-4697-BD89-42A0DEF0B66A}.AppStore|x64.Deploy.0 = Debug|Any CPU
		{A5FA61AB-E49D-4697-BD89-42A0DEF0B66A}.AppStore|x86.ActiveCfg = Debug|Any CPU
		{A5FA61AB-E49D-4697-BD89-42A0DEF0B66A}.AppStore|x86.Build.0 = Debug|Any CPU
		{A5FA61AB-E49D-4697-BD89-42A0DEF0B66A}.AppStore|x86.Deploy.0 = Debug|Any CPU
		{A5FA61AB-E49D-4697-BD89-42A0DEF0B66A}.Debug|Any CPU.ActiveCfg = Debug|Any CPU
		{A5FA61AB-E49D-4697-BD89-42A0DEF0B66A}.Debug|Any CPU.Build.0 = Debug|Any CPU
		{A5FA61AB-E49D-4697-BD89-42A0DEF0B66A}.Debug|Any CPU.Deploy.0 = Debug|Any CPU
		{A5FA61AB-E49D-4697-BD89-42A0DEF0B66A}.Debug|ARM.ActiveCfg = Debug|Any CPU
		{A5FA61AB-E49D-4697-BD89-42A0DEF0B66A}.Debug|ARM.Build.0 = Debug|Any CPU
		{A5FA61AB-E49D-4697-BD89-42A0DEF0B66A}.Debug|ARM.Deploy.0 = Debug|Any CPU
		{A5FA61AB-E49D-4697-BD89-42A0DEF0B66A}.Debug|iPhone.ActiveCfg = Debug|Any CPU
		{A5FA61AB-E49D-4697-BD89-42A0DEF0B66A}.Debug|iPhone.Build.0 = Debug|Any CPU
		{A5FA61AB-E49D-4697-BD89-42A0DEF0B66A}.Debug|iPhone.Deploy.0 = Debug|Any CPU
		{A5FA61AB-E49D-4697-BD89-42A0DEF0B66A}.Debug|iPhoneSimulator.ActiveCfg = Debug|Any CPU
		{A5FA61AB-E49D-4697-BD89-42A0DEF0B66A}.Debug|iPhoneSimulator.Build.0 = Debug|Any CPU
		{A5FA61AB-E49D-4697-BD89-42A0DEF0B66A}.Debug|iPhoneSimulator.Deploy.0 = Debug|Any CPU
		{A5FA61AB-E49D-4697-BD89-42A0DEF0B66A}.Debug|x64.ActiveCfg = Debug|Any CPU
		{A5FA61AB-E49D-4697-BD89-42A0DEF0B66A}.Debug|x64.Build.0 = Debug|Any CPU
		{A5FA61AB-E49D-4697-BD89-42A0DEF0B66A}.Debug|x64.Deploy.0 = Debug|Any CPU
		{A5FA61AB-E49D-4697-BD89-42A0DEF0B66A}.Debug|x86.ActiveCfg = Debug|Any CPU
		{A5FA61AB-E49D-4697-BD89-42A0DEF0B66A}.Debug|x86.Build.0 = Debug|Any CPU
		{A5FA61AB-E49D-4697-BD89-42A0DEF0B66A}.Debug|x86.Deploy.0 = Debug|Any CPU
		{A5FA61AB-E49D-4697-BD89-42A0DEF0B66A}.Release|Any CPU.ActiveCfg = Release|Any CPU
		{A5FA61AB-E49D-4697-BD89-42A0DEF0B66A}.Release|Any CPU.Build.0 = Release|Any CPU
		{A5FA61AB-E49D-4697-BD89-42A0DEF0B66A}.Release|Any CPU.Deploy.0 = Release|Any CPU
		{A5FA61AB-E49D-4697-BD89-42A0DEF0B66A}.Release|ARM.ActiveCfg = Release|Any CPU
		{A5FA61AB-E49D-4697-BD89-42A0DEF0B66A}.Release|ARM.Build.0 = Release|Any CPU
		{A5FA61AB-E49D-4697-BD89-42A0DEF0B66A}.Release|ARM.Deploy.0 = Release|Any CPU
		{A5FA61AB-E49D-4697-BD89-42A0DEF0B66A}.Release|iPhone.ActiveCfg = Release|Any CPU
		{A5FA61AB-E49D-4697-BD89-42A0DEF0B66A}.Release|iPhone.Build.0 = Release|Any CPU
		{A5FA61AB-E49D-4697-BD89-42A0DEF0B66A}.Release|iPhone.Deploy.0 = Release|Any CPU
		{A5FA61AB-E49D-4697-BD89-42A0DEF0B66A}.Release|iPhoneSimulator.ActiveCfg = Release|Any CPU
		{A5FA61AB-E49D-4697-BD89-42A0DEF0B66A}.Release|iPhoneSimulator.Build.0 = Release|Any CPU
		{A5FA61AB-E49D-4697-BD89-42A0DEF0B66A}.Release|iPhoneSimulator.Deploy.0 = Release|Any CPU
		{A5FA61AB-E49D-4697-BD89-42A0DEF0B66A}.Release|x64.ActiveCfg = Release|Any CPU
		{A5FA61AB-E49D-4697-BD89-42A0DEF0B66A}.Release|x64.Build.0 = Release|Any CPU
		{A5FA61AB-E49D-4697-BD89-42A0DEF0B66A}.Release|x64.Deploy.0 = Release|Any CPU
		{A5FA61AB-E49D-4697-BD89-42A0DEF0B66A}.Release|x86.ActiveCfg = Release|Any CPU
		{A5FA61AB-E49D-4697-BD89-42A0DEF0B66A}.Release|x86.Build.0 = Release|Any CPU
		{A5FA61AB-E49D-4697-BD89-42A0DEF0B66A}.Release|x86.Deploy.0 = Release|Any CPU
	EndGlobalSection
	GlobalSection(SolutionProperties) = preSolution
		HideSolutionNode = FALSE
	EndGlobalSection
	GlobalSection(ExtensibilityGlobals) = postSolution
		SolutionGuid = {C1BB96F1-8013-4037-831A-AD0BA8239834}
	EndGlobalSection
EndGlobal
